
Microsoft Visual Studio Solution File, Format Version 12.00
Project("{2150E333-8FDC-42A3-9474-1A3956D46DE8}") = "src", "src", "{B0365F5F-0220-4C8D-96C2-1618D2EDB58B}"
EndProject
Project("{2150E333-8FDC-42A3-9474-1A3956D46DE8}") = "docs", "docs", "{09C8EE71-5481-44EC-BC82-DA969F9DE9D4}"
	ProjectSection(SolutionItems) = preProject
		readme.md = readme.md
		docs\SPEC.md = docs\SPEC.md
		docs\ARCHITECTURE.md = docs\ARCHITECTURE.md
	EndProjectSection
EndProject
Project("{FAE04EC0-301F-11D3-BF4B-00C04F79EFBC}") = "Digestron.Hosting", "src\Digestron.Hosting\Digestron.Hosting.csproj", "{7D24290C-AD37-4BF1-95C9-C2F4C2974CD2}"
EndProject
Project("{2150E333-8FDC-42A3-9474-1A3956D46DE8}") = "Solution Items", "Solution Items", "{3A584BEE-B22D-4F99-A4DD-46885970F159}"
EndProject
Project("{FAE04EC0-301F-11D3-BF4B-00C04F79EFBC}") = "Digestron.Infra", "src\Digestron.Infra\Digestron.Infra.csproj", "{5AB6BEFD-DCAF-4AFA-9EC7-526E48BBB31F}"
EndProject
Project("{FAE04EC0-301F-11D3-BF4B-00C04F79EFBC}") = "Digestron.Service", "src\Digestron.Service\Digestron.Service.csproj", "{70A12AD3-91D9-434C-A957-6C9A0D2D4499}"
EndProject
Project("{FAE04EC0-301F-11D3-BF4B-00C04F79EFBC}") = "Digestron.Domain", "src\Digestron.Domain\Digestron.Domain.csproj", "{0A08BC95-5CA0-4E88-B7C7-C31C9EA52ED4}"
EndProject
Project("{2150E333-8FDC-42A3-9474-1A3956D46DE8}") = "tests", "tests", "{0AB3BF05-4346-4AA6-1389-037BE0695223}"
EndProject
Project("{FAE04EC0-301F-11D3-BF4B-00C04F79EFBC}") = "Digestron.Tests", "tests\Digestron.Tests\Digestron.Tests.csproj", "{A394B94A-C58A-4678-89A9-CBF146ECCB50}"
EndProject
Global
	GlobalSection(SolutionConfigurationPlatforms) = preSolution
		Debug|Any CPU = Debug|Any CPU
		Debug|x64 = Debug|x64
		Debug|x86 = Debug|x86
		Release|Any CPU = Release|Any CPU
		Release|x64 = Release|x64
		Release|x86 = Release|x86
	EndGlobalSection
	GlobalSection(ProjectConfigurationPlatforms) = postSolution
		{7D24290C-AD37-4BF1-95C9-C2F4C2974CD2}.Debug|Any CPU.ActiveCfg = Debug|Any CPU
		{7D24290C-AD37-4BF1-95C9-C2F4C2974CD2}.Debug|Any CPU.Build.0 = Debug|Any CPU
		{7D24290C-AD37-4BF1-95C9-C2F4C2974CD2}.Debug|x64.ActiveCfg = Debug|Any CPU
		{7D24290C-AD37-4BF1-95C9-C2F4C2974CD2}.Debug|x64.Build.0 = Debug|Any CPU
		{7D24290C-AD37-4BF1-95C9-C2F4C2974CD2}.Debug|x86.ActiveCfg = Debug|Any CPU
		{7D24290C-AD37-4BF1-95C9-C2F4C2974CD2}.Debug|x86.Build.0 = Debug|Any CPU
		{7D24290C-AD37-4BF1-95C9-C2F4C2974CD2}.Release|Any CPU.ActiveCfg = Release|Any CPU
		{7D24290C-AD37-4BF1-95C9-C2F4C2974CD2}.Release|Any CPU.Build.0 = Release|Any CPU
		{7D24290C-AD37-4BF1-95C9-C2F4C2974CD2}.Release|x64.ActiveCfg = Release|Any CPU
		{7D24290C-AD37-4BF1-95C9-C2F4C2974CD2}.Release|x64.Build.0 = Release|Any CPU
		{7D24290C-AD37-4BF1-95C9-C2F4C2974CD2}.Release|x86.ActiveCfg = Release|Any CPU
		{7D24290C-AD37-4BF1-95C9-C2F4C2974CD2}.Release|x86.Build.0 = Release|Any CPU
		{5AB6BEFD-DCAF-4AFA-9EC7-526E48BBB31F}.Debug|Any CPU.ActiveCfg = Debug|Any CPU
		{5AB6BEFD-DCAF-4AFA-9EC7-526E48BBB31F}.Debug|Any CPU.Build.0 = Debug|Any CPU
		{5AB6BEFD-DCAF-4AFA-9EC7-526E48BBB31F}.Debug|x64.ActiveCfg = Debug|Any CPU
		{5AB6BEFD-DCAF-4AFA-9EC7-526E48BBB31F}.Debug|x64.Build.0 = Debug|Any CPU
		{5AB6BEFD-DCAF-4AFA-9EC7-526E48BBB31F}.Debug|x86.ActiveCfg = Debug|Any CPU
		{5AB6BEFD-DCAF-4AFA-9EC7-526E48BBB31F}.Debug|x86.Build.0 = Debug|Any CPU
		{5AB6BEFD-DCAF-4AFA-9EC7-526E48BBB31F}.Release|Any CPU.ActiveCfg = Release|Any CPU
		{5AB6BEFD-DCAF-4AFA-9EC7-526E48BBB31F}.Release|Any CPU.Build.0 = Release|Any CPU
		{5AB6BEFD-DCAF-4AFA-9EC7-526E48BBB31F}.Release|x64.ActiveCfg = Release|Any CPU
		{5AB6BEFD-DCAF-4AFA-9EC7-526E48BBB31F}.Release|x64.Build.0 = Release|Any CPU
		{5AB6BEFD-DCAF-4AFA-9EC7-526E48BBB31F}.Release|x86.ActiveCfg = Release|Any CPU
		{5AB6BEFD-DCAF-4AFA-9EC7-526E48BBB31F}.Release|x86.Build.0 = Release|Any CPU
		{70A12AD3-91D9-434C-A957-6C9A0D2D4499}.Debug|Any CPU.ActiveCfg = Debug|Any CPU
		{70A12AD3-91D9-434C-A957-6C9A0D2D4499}.Debug|Any CPU.Build.0 = Debug|Any CPU
		{70A12AD3-91D9-434C-A957-6C9A0D2D4499}.Debug|x64.ActiveCfg = Debug|Any CPU
		{70A12AD3-91D9-434C-A957-6C9A0D2D4499}.Debug|x64.Build.0 = Debug|Any CPU
		{70A12AD3-91D9-434C-A957-6C9A0D2D4499}.Debug|x86.ActiveCfg = Debug|Any CPU
		{70A12AD3-91D9-434C-A957-6C9A0D2D4499}.Debug|x86.Build.0 = Debug|Any CPU
		{70A12AD3-91D9-434C-A957-6C9A0D2D4499}.Release|Any CPU.ActiveCfg = Release|Any CPU
		{70A12AD3-91D9-434C-A957-6C9A0D2D4499}.Release|Any CPU.Build.0 = Release|Any CPU
		{70A12AD3-91D9-434C-A957-6C9A0D2D4499}.Release|x64.ActiveCfg = Release|Any CPU
		{70A12AD3-91D9-434C-A957-6C9A0D2D4499}.Release|x64.Build.0 = Release|Any CPU
		{70A12AD3-91D9-434C-A957-6C9A0D2D4499}.Release|x86.ActiveCfg = Release|Any CPU
		{70A12AD3-91D9-434C-A957-6C9A0D2D4499}.Release|x86.Build.0 = Release|Any CPU
		{0A08BC95-5CA0-4E88-B7C7-C31C9EA52ED4}.Debug|Any CPU.ActiveCfg = Debug|Any CPU
		{0A08BC95-5CA0-4E88-B7C7-C31C9EA52ED4}.Debug|Any CPU.Build.0 = Debug|Any CPU
		{0A08BC95-5CA0-4E88-B7C7-C31C9EA52ED4}.Debug|x64.ActiveCfg = Debug|Any CPU
		{0A08BC95-5CA0-4E88-B7C7-C31C9EA52ED4}.Debug|x64.Build.0 = Debug|Any CPU
		{0A08BC95-5CA0-4E88-B7C7-C31C9EA52ED4}.Debug|x86.ActiveCfg = Debug|Any CPU
		{0A08BC95-5CA0-4E88-B7C7-C31C9EA52ED4}.Debug|x86.Build.0 = Debug|Any CPU
		{0A08BC95-5CA0-4E88-B7C7-C31C9EA52ED4}.Release|Any CPU.ActiveCfg = Release|Any CPU
		{0A08BC95-5CA0-4E88-B7C7-C31C9EA52ED4}.Release|Any CPU.Build.0 = Release|Any CPU
		{0A08BC95-5CA0-4E88-B7C7-C31C9EA52ED4}.Release|x64.ActiveCfg = Release|Any CPU
		{0A08BC95-5CA0-4E88-B7C7-C31C9EA52ED4}.Release|x64.Build.0 = Release|Any CPU
		{0A08BC95-5CA0-4E88-B7C7-C31C9EA52ED4}.Release|x86.ActiveCfg = Release|Any CPU
		{0A08BC95-5CA0-4E88-B7C7-C31C9EA52ED4}.Release|x86.Build.0 = Release|Any CPU
		{A394B94A-C58A-4678-89A9-CBF146ECCB50}.Debug|Any CPU.ActiveCfg = Debug|Any CPU
		{A394B94A-C58A-4678-89A9-CBF146ECCB50}.Debug|Any CPU.Build.0 = Debug|Any CPU
		{A394B94A-C58A-4678-89A9-CBF146ECCB50}.Debug|x64.ActiveCfg = Debug|Any CPU
		{A394B94A-C58A-4678-89A9-CBF146ECCB50}.Debug|x64.Build.0 = Debug|Any CPU
		{A394B94A-C58A-4678-89A9-CBF146ECCB50}.Debug|x86.ActiveCfg = Debug|Any CPU
		{A394B94A-C58A-4678-89A9-CBF146ECCB50}.Debug|x86.Build.0 = Debug|Any CPU
		{A394B94A-C58A-4678-89A9-CBF146ECCB50}.Release|Any CPU.ActiveCfg = Release|Any CPU
		{A394B94A-C58A-4678-89A9-CBF146ECCB50}.Release|Any CPU.Build.0 = Release|Any CPU
		{A394B94A-C58A-4678-89A9-CBF146ECCB50}.Release|x64.ActiveCfg = Release|Any CPU
		{A394B94A-C58A-4678-89A9-CBF146ECCB50}.Release|x64.Build.0 = Release|Any CPU
		{A394B94A-C58A-4678-89A9-CBF146ECCB50}.Release|x86.ActiveCfg = Release|Any CPU
		{A394B94A-C58A-4678-89A9-CBF146ECCB50}.Release|x86.Build.0 = Release|Any CPU
	EndGlobalSection
	GlobalSection(SolutionProperties) = preSolution
		HideSolutionNode = FALSE
	EndGlobalSection
	GlobalSection(NestedProjects) = preSolution
		{7D24290C-AD37-4BF1-95C9-C2F4C2974CD2} = {B0365F5F-0220-4C8D-96C2-1618D2EDB58B}
		{5AB6BEFD-DCAF-4AFA-9EC7-526E48BBB31F} = {B0365F5F-0220-4C8D-96C2-1618D2EDB58B}
		{70A12AD3-91D9-434C-A957-6C9A0D2D4499} = {B0365F5F-0220-4C8D-96C2-1618D2EDB58B}
		{0A08BC95-5CA0-4E88-B7C7-C31C9EA52ED4} = {B0365F5F-0220-4C8D-96C2-1618D2EDB58B}
		{A394B94A-C58A-4678-89A9-CBF146ECCB50} = {0AB3BF05-4346-4AA6-1389-037BE0695223}
	EndGlobalSection
EndGlobal
